<?xml version="1.0" encoding="utf-8"?>
<Project ToolsVersion="4.0" xmlns="http://schemas.microsoft.com/developer/msbuild/2003">
  <ItemGroup>
    <Filter Include="Source Files">
      <UniqueIdentifier>{4FC737F1-C7A5-4376-A066-2A32D752A2FF}</UniqueIdentifier>
      <Extensions>cpp;c;cc;cxx;c++;cppm;ixx;def;odl;idl;hpj;bat;asm;asmx</Extensions>
    </Filter>
    <Filter Include="Header Files">
      <UniqueIdentifier>{93995380-89BD-4b04-88EB-625FBE52EBFB}</UniqueIdentifier>
      <Extensions>h;hh;hpp;hxx;h++;hm;inl;inc;ipp;xsd</Extensions>
    </Filter>
    <Filter Include="Resource Files">
      <UniqueIdentifier>{67DA6AB6-F800-4c08-8B7A-83BB121AAD01}</UniqueIdentifier>
      <Extensions>rc;ico;cur;bmp;dlg;rc2;rct;bin;rgs;gif;jpg;jpeg;jpe;resx;tiff;tif;png;wav;mfcribbon-ms</Extensions>
    </Filter>
    <Filter Include="Source Files\Rendering">
      <UniqueIdentifier>{57d546c0-95d1-4659-8bb4-fd08e094a38c}</UniqueIdentifier>
    </Filter>
    <Filter Include="Source Files\Rendering\OpenGL">
      <UniqueIdentifier>{36d8b545-080d-4869-b0a0-29299ea5d199}</UniqueIdentifier>
    </Filter>
    <Filter Include="Header Files\Core">
      <UniqueIdentifier>{be14de93-cb7f-4c2d-ae99-033d5dfb52c3}</UniqueIdentifier>
    </Filter>
    <Filter Include="Header Files\Rendering">
      <UniqueIdentifier>{8dc0c93a-1f60-4ef1-bae7-7ac3ea8b587f}</UniqueIdentifier>
    </Filter>
    <Filter Include="Header Files\Rendering\OpenGL">
      <UniqueIdentifier>{1ba7f547-0d10-4a9d-9c25-526f6dcf3a05}</UniqueIdentifier>
    </Filter>
    <Filter Include="Header Files\Rendering\DirectX 12">
      <UniqueIdentifier>{c4f3caf5-d8e8-4933-a562-874844ff08ba}</UniqueIdentifier>
    </Filter>
    <Filter Include="Source Files\Rendering\DirectX 12">
      <UniqueIdentifier>{c1d34cda-865b-4e32-bf75-dcebab7e1830}</UniqueIdentifier>
    </Filter>
  </ItemGroup>
  <ItemGroup>
    <ClCompile Include="glad.c">
      <Filter>Source Files\Rendering\OpenGL</Filter>
    </ClCompile>
    <ClCompile Include="GLWindow.cpp">
      <Filter>Source Files\Rendering\OpenGL</Filter>
    </ClCompile>
  </ItemGroup>
  <ItemGroup>
    <ClInclude Include="GLWindow.h">
      <Filter>Header Files\Rendering\OpenGL</Filter>
    </ClInclude>
    <ClInclude Include="EditorDefaults.h">
      <Filter>Header Files\Rendering</Filter>
    </ClInclude>
    <ClInclude Include="Log.h">
      <Filter>Header Files\Core</Filter>
    </ClInclude>
  </ItemGroup>
</Project>